dependencies:
- name: library
  repository: https://invisibug.github.io/kavanetes-helm/
<<<<<<< HEAD
  version: 1.2.5
digest: sha256:3939c28cffcff68a866f79495163359defeb79bd122f59dcaa3e24136d6987a8
generated: "2023-12-28T17:35:44.972807Z"
=======
  version: 1.2.6
digest: sha256:ca027fead50c93f4efeca84b82855f28d7b9325c3826cf994795bb6f90475b6b
generated: "2023-12-28T17:38:48.601013Z"
>>>>>>> dev
